// !$*UTF8*$!
{
	archiveVersion = 1;
	classes = {
	};
	objectVersion = 46;
	objects = {

/* Begin PBXBuildFile section */
		977FDAB01AEC745000884FCD /* AppDelegate.swift in Sources */ = {isa = PBXBuildFile; fileRef = 977FDAAF1AEC745000884FCD /* AppDelegate.swift */; };
		977FDAB21AEC745000884FCD /* ViewController.swift in Sources */ = {isa = PBXBuildFile; fileRef = 977FDAB11AEC745000884FCD /* ViewController.swift */; };
		977FDAB51AEC745000884FCD /* Main.storyboard in Resources */ = {isa = PBXBuildFile; fileRef = 977FDAB31AEC745000884FCD /* Main.storyboard */; };
		977FDAB71AEC745000884FCD /* Images.xcassets in Resources */ = {isa = PBXBuildFile; fileRef = 977FDAB61AEC745000884FCD /* Images.xcassets */; };
		977FDABA1AEC745000884FCD /* LaunchScreen.xib in Resources */ = {isa = PBXBuildFile; fileRef = 977FDAB81AEC745000884FCD /* LaunchScreen.xib */; };
		977FDAC61AEC745000884FCD /* FunFactsTests.swift in Sources */ = {isa = PBXBuildFile; fileRef = 977FDAC51AEC745000884FCD /* FunFactsTests.swift */; };
		977FDAD21AEF198100884FCD /* FactBook.swift in Sources */ = {isa = PBXBuildFile; fileRef = 977FDAD11AEF198100884FCD /* FactBook.swift */; };
		977FDAD41AEF4C1900884FCD /* ColorWheel.swift in Sources */ = {isa = PBXBuildFile; fileRef = 977FDAD31AEF4C1900884FCD /* ColorWheel.swift */; };
/* End PBXBuildFile section */

/* Begin PBXContainerItemProxy section */
		977FDAC01AEC745000884FCD /* PBXContainerItemProxy */ = {
			isa = PBXContainerItemProxy;
			containerPortal = 977FDAA21AEC745000884FCD /* Project object */;
			proxyType = 1;
			remoteGlobalIDString = 977FDAA91AEC745000884FCD;
			remoteInfo = FunFacts;
		};
/* End PBXContainerItemProxy section */

/* Begin PBXFileReference section */
		977FDAAA1AEC745000884FCD /* FunFacts.app */ = {isa = PBXFileReference; explicitFileType = wrapper.application; includeInIndex = 0; path = FunFacts.app; sourceTree = BUILT_PRODUCTS_DIR; };
		977FDAAE1AEC745000884FCD /* Info.plist */ = {isa = PBXFileReference; lastKnownFileType = text.plist.xml; path = Info.plist; sourceTree = "<group>"; };
		977FDAAF1AEC745000884FCD /* AppDelegate.swift */ = {isa = PBXFileReference; lastKnownFileType = sourcecode.swift; path = AppDelegate.swift; sourceTree = "<group>"; };
		977FDAB11AEC745000884FCD /* ViewController.swift */ = {isa = PBXFileReference; lastKnownFileType = sourcecode.swift; path = ViewController.swift; sourceTree = "<group>"; };
		977FDAB41AEC745000884FCD /* Base */ = {isa = PBXFileReference; lastKnownFileType = file.storyboard; name = Base; path = Base.lproj/Main.storyboard; sourceTree = "<group>"; };
		977FDAB61AEC745000884FCD /* Images.xcassets */ = {isa = PBXFileReference; lastKnownFileType = folder.assetcatalog; path = Images.xcassets; sourceTree = "<group>"; };
		977FDAB91AEC745000884FCD /* Base */ = {isa = PBXFileReference; lastKnownFileType = file.xib; name = Base; path = Base.lproj/LaunchScreen.xib; sourceTree = "<group>"; };
		977FDABF1AEC745000884FCD /* FunFactsTests.xctest */ = {isa = PBXFileReference; explicitFileType = wrapper.cfbundle; includeInIndex = 0; path = FunFactsTests.xctest; sourceTree = BUILT_PRODUCTS_DIR; };
		977FDAC41AEC745000884FCD /* Info.plist */ = {isa = PBXFileReference; lastKnownFileType = text.plist.xml; path = Info.plist; sourceTree = "<group>"; };
		977FDAC51AEC745000884FCD /* FunFactsTests.swift */ = {isa = PBXFileReference; lastKnownFileType = sourcecode.swift; path = FunFactsTests.swift; sourceTree = "<group>"; };
		977FDACF1AEC76E800884FCD /* Scratchpad.playground */ = {isa = PBXFileReference; lastKnownFileType = file.playground; path = Scratchpad.playground; sourceTree = "<group>"; };
		977FDAD11AEF198100884FCD /* FactBook.swift */ = {isa = PBXFileReference; fileEncoding = 4; lastKnownFileType = sourcecode.swift; path = FactBook.swift; sourceTree = "<group>"; };
		977FDAD31AEF4C1900884FCD /* ColorWheel.swift */ = {isa = PBXFileReference; fileEncoding = 4; lastKnownFileType = sourcecode.swift; path = ColorWheel.swift; sourceTree = "<group>"; };
/* End PBXFileReference section */

/* Begin PBXFrameworksBuildPhase section */
		977FDAA71AEC745000884FCD /* Frameworks */ = {
			isa = PBXFrameworksBuildPhase;
			buildActionMask = 2147483647;
			files = (
			);
			runOnlyForDeploymentPostprocessing = 0;
		};
		977FDABC1AEC745000884FCD /* Frameworks */ = {
			isa = PBXFrameworksBuildPhase;
			buildActionMask = 2147483647;
			files = (
			);
			runOnlyForDeploymentPostprocessing = 0;
		};
/* End PBXFrameworksBuildPhase section */

/* Begin PBXGroup section */
		977FDAA11AEC745000884FCD = {
			isa = PBXGroup;
			children = (
				977FDAAC1AEC745000884FCD /* FunFacts */,
				977FDAC21AEC745000884FCD /* FunFactsTests */,
				977FDAAB1AEC745000884FCD /* Products */,
			);
			sourceTree = "<group>";
		};
		977FDAAB1AEC745000884FCD /* Products */ = {
			isa = PBXGroup;
			children = (
				977FDAAA1AEC745000884FCD /* FunFacts.app */,
				977FDABF1AEC745000884FCD /* FunFactsTests.xctest */,
			);
			name = Products;
			sourceTree = "<group>";
		};
		977FDAAC1AEC745000884FCD /* FunFacts */ = {
			isa = PBXGroup;
			children = (
				977FDAAF1AEC745000884FCD /* AppDelegate.swift */,
				977FDAD11AEF198100884FCD /* FactBook.swift */,
				977FDAB11AEC745000884FCD /* ViewController.swift */,
				977FDAB31AEC745000884FCD /* Main.storyboard */,
				977FDAB61AEC745000884FCD /* Images.xcassets */,
				977FDAB81AEC745000884FCD /* LaunchScreen.xib */,
				977FDAAD1AEC745000884FCD /* Supporting Files */,
				977FDAD31AEF4C1900884FCD /* ColorWheel.swift */,
			);
			path = FunFacts;
			sourceTree = "<group>";
		};
		977FDAAD1AEC745000884FCD /* Supporting Files */ = {
			isa = PBXGroup;
			children = (
				977FDAD01AEC770000884FCD /* Playgrounds */,
				977FDAAE1AEC745000884FCD /* Info.plist */,
			);
			name = "Supporting Files";
			sourceTree = "<group>";
		};
		977FDAC21AEC745000884FCD /* FunFactsTests */ = {
			isa = PBXGroup;
			children = (
				977FDAC51AEC745000884FCD /* FunFactsTests.swift */,
				977FDAC31AEC745000884FCD /* Supporting Files */,
			);
			path = FunFactsTests;
			sourceTree = "<group>";
		};
		977FDAC31AEC745000884FCD /* Supporting Files */ = {
			isa = PBXGroup;
			children = (
				977FDAC41AEC745000884FCD /* Info.plist */,
			);
			name = "Supporting Files";
			sourceTree = "<group>";
		};
		977FDAD01AEC770000884FCD /* Playgrounds */ = {
			isa = PBXGroup;
			children = (
				977FDACF1AEC76E800884FCD /* Scratchpad.playground */,
			);
			name = Playgrounds;
			path = ..;
			sourceTree = "<group>";
		};
/* End PBXGroup section */

/* Begin PBXNativeTarget section */
		977FDAA91AEC745000884FCD /* FunFacts */ = {
			isa = PBXNativeTarget;
			buildConfigurationList = 977FDAC91AEC745000884FCD /* Build configuration list for PBXNativeTarget "FunFacts" */;
			buildPhases = (
				977FDAA61AEC745000884FCD /* Sources */,
				977FDAA71AEC745000884FCD /* Frameworks */,
				977FDAA81AEC745000884FCD /* Resources */,
			);
			buildRules = (
			);
			dependencies = (
			);
			name = FunFacts;
			productName = FunFacts;
			productReference = 977FDAAA1AEC745000884FCD /* FunFacts.app */;
			productType = "com.apple.product-type.application";
		};
		977FDABE1AEC745000884FCD /* FunFactsTests */ = {
			isa = PBXNativeTarget;
			buildConfigurationList = 977FDACC1AEC745000884FCD /* Build configuration list for PBXNativeTarget "FunFactsTests" */;
			buildPhases = (
				977FDABB1AEC745000884FCD /* Sources */,
				977FDABC1AEC745000884FCD /* Frameworks */,
				977FDABD1AEC745000884FCD /* Resources */,
			);
			buildRules = (
			);
			dependencies = (
				977FDAC11AEC745000884FCD /* PBXTargetDependency */,
			);
			name = FunFactsTests;
			productName = FunFactsTests;
			productReference = 977FDABF1AEC745000884FCD /* FunFactsTests.xctest */;
			productType = "com.apple.product-type.bundle.unit-test";
		};
/* End PBXNativeTarget section */

/* Begin PBXProject section */
		977FDAA21AEC745000884FCD /* Project object */ = {
			isa = PBXProject;
			attributes = {
				LastUpgradeCheck = 0630;
				ORGANIZATIONNAME = Treehouse;
				TargetAttributes = {
					977FDAA91AEC745000884FCD = {
						CreatedOnToolsVersion = 6.3.1;
						DevelopmentTeam = NW9Z24C8WV;
					};
					977FDABE1AEC745000884FCD = {
						CreatedOnToolsVersion = 6.3.1;
						TestTargetID = 977FDAA91AEC745000884FCD;
					};
				};
			};
			buildConfigurationList = 977FDAA51AEC745000884FCD /* Build configuration list for PBXProject "FunFacts" */;
			compatibilityVersion = "Xcode 3.2";
			developmentRegion = English;
			hasScannedForEncodings = 0;
			knownRegions = (
				en,
				Base,
			);
			mainGroup = 977FDAA11AEC745000884FCD;
			productRefGroup = 977FDAAB1AEC745000884FCD /* Products */;
			projectDirPath = "";
			projectRoot = "";
			targets = (
				977FDAA91AEC745000884FCD /* FunFacts */,
				977FDABE1AEC745000884FCD /* FunFactsTests */,
			);
		};
/* End PBXProject section */

/* Begin PBXResourcesBuildPhase section */
		977FDAA81AEC745000884FCD /* Resources */ = {
			isa = PBXResourcesBuildPhase;
			buildActionMask = 2147483647;
			files = (
				977FDAB51AEC745000884FCD /* Main.storyboard in Resources */,
				977FDABA1AEC745000884FCD /* LaunchScreen.xib in Resources */,
				977FDAB71AEC745000884FCD /* Images.xcassets in Resources */,
			);
			runOnlyForDeploymentPostprocessing = 0;
		};
		977FDABD1AEC745000884FCD /* Resources */ = {
			isa = PBXResourcesBuildPhase;
			buildActionMask = 2147483647;
			files = (
			);
			runOnlyForDeploymentPostprocessing = 0;
		};
/* End PBXResourcesBuildPhase section */

/* Begin PBXSourcesBuildPhase section */
		977FDAA61AEC745000884FCD /* Sources */ = {
			isa = PBXSourcesBuildPhase;
			buildActionMask = 2147483647;
			files = (
				977FDAD21AEF198100884FCD /* FactBook.swift in Sources */,
				977FDAB21AEC745000884FCD /* ViewController.swift in Sources */,
				977FDAB01AEC745000884FCD /* AppDelegate.swift in Sources */,
				977FDAD41AEF4C1900884FCD /* ColorWheel.swift in Sources */,
			);
			runOnlyForDeploymentPostprocessing = 0;
		};
		977FDABB1AEC745000884FCD /* Sources */ = {
			isa = PBXSourcesBuildPhase;
			buildActionMask = 2147483647;
			files = (
				977FDAC61AEC745000884FCD /* FunFactsTests.swift in Sources */,
			);
			runOnlyForDeploymentPostprocessing = 0;
		};
/* End PBXSourcesBuildPhase section */

/* Begin PBXTargetDependency section */
		977FDAC11AEC745000884FCD /* PBXTargetDependency */ = {
			isa = PBXTargetDependency;
			target = 977FDAA91AEC745000884FCD /* FunFacts */;
			targetProxy = 977FDAC01AEC745000884FCD /* PBXContainerItemProxy */;
		};
/* End PBXTargetDependency section */

/* Begin PBXVariantGroup section */
		977FDAB31AEC745000884FCD /* Main.storyboard */ = {
			isa = PBXVariantGroup;
			children = (
				977FDAB41AEC745000884FCD /* Base */,
			);
			name = Main.storyboard;
			sourceTree = "<group>";
		};
		977FDAB81AEC745000884FCD /* LaunchScreen.xib */ = {
			isa = PBXVariantGroup;
			children = (
				977FDAB91AEC745000884FCD /* Base */,
			);
			name = LaunchScreen.xib;
			sourceTree = "<group>";
		};
/* End PBXVariantGroup section */

/* Begin XCBuildConfiguration section */
		977FDAC71AEC745000884FCD /* Debug */ = {
			isa = XCBuildConfiguration;
			buildSettings = {
				ALWAYS_SEARCH_USER_PATHS = NO;
				CLANG_CXX_LANGUAGE_STANDARD = "gnu++0x";
				CLANG_CXX_LIBRARY = "libc++";
				CLANG_ENABLE_MODULES = YES;
				CLANG_ENABLE_OBJC_ARC = YES;
				CLANG_WARN_BOOL_CONVERSION = YES;
				CLANG_WARN_CONSTANT_CONVERSION = YES;
				CLANG_WARN_DIRECT_OBJC_ISA_USAGE = YES_ERROR;
				CLANG_WARN_EMPTY_BODY = YES;
				CLANG_WARN_ENUM_CONVERSION = YES;
				CLANG_WARN_INT_CONVERSION = YES;
				CLANG_WARN_OBJC_ROOT_CLASS = YES_ERROR;
				CLANG_WARN_UNREACHABLE_CODE = YES;
				CLANG_WARN__DUPLICATE_METHOD_MATCH = YES;
				"CODE_SIGN_IDENTITY[sdk=iphoneos*]" = "iPhone Developer";
				COPY_PHASE_STRIP = NO;
				DEBUG_INFORMATION_FORMAT = "dwarf-with-dsym";
				ENABLE_STRICT_OBJC_MSGSEND = YES;
				GCC_C_LANGUAGE_STANDARD = gnu99;
				GCC_DYNAMIC_NO_PIC = NO;
				GCC_NO_COMMON_BLOCKS = YES;
				GCC_OPTIMIZATION_LEVEL = 0;
				GCC_PREPROCESSOR_DEFINITIONS = (
					"DEBUG=1",
					"$(inherited)",
				);
				GCC_SYMBOLS_PRIVATE_EXTERN = NO;
				GCC_WARN_64_TO_32_BIT_CONVERSION = YES;
				GCC_WARN_ABOUT_RETURN_TYPE = YES_ERROR;
				GCC_WARN_UNDECLARED_SELECTOR = YES;
				GCC_WARN_UNINITIALIZED_AUTOS = YES_AGGRESSIVE;
				GCC_WARN_UNUSED_FUNCTION = YES;
				GCC_WARN_UNUSED_VARIABLE = YES;
				IPHONEOS_DEPLOYMENT_TARGET = 8.3;
				MTL_ENABLE_DEBUG_INFO = YES;
				ONLY_ACTIVE_ARCH = YES;
				SDKROOT = iphoneos;
				SWIFT_OPTIMIZATION_LEVEL = "-Onone";
			};
			name = Debug;
		};
		977FDAC81AEC745000884FCD /* Release */ = {
			isa = XCBuildConfiguration;
			buildSettings = {
				ALWAYS_SEARCH_USER_PATHS = NO;
				CLANG_CXX_LANGUAGE_STANDARD = "gnu++0x";
				CLANG_CXX_LIBRARY = "libc++";
				CLANG_ENABLE_MODULES = YES;
				CLANG_ENABLE_OBJC_ARC = YES;
				CLANG_WARN_BOOL_CONVERSION = YES;
				CLANG_WARN_CONSTANT_CONVERSION = YES;
				CLANG_WARN_DIRECT_OBJC_ISA_USAGE = YES_ERROR;
				CLANG_WARN_EMPTY_BODY = YES;
				CLANG_WARN_ENUM_CONVERSION = YES;
				CLANG_WARN_INT_CONVERSION = YES;
				CLANG_WARN_OBJC_ROOT_CLASS = YES_ERROR;
				CLANG_WARN_UNREACHABLE_CODE = YES;
				CLANG_WARN__DUPLICATE_METHOD_MATCH = YES;
				"CODE_SIGN_IDENTITY[sdk=iphoneos*]" = "iPhone Developer";
				COPY_PHASE_STRIP = NO;
				DEBUG_INFORMATION_FORMAT = "dwarf-with-dsym";
				ENABLE_NS_ASSERTIONS = NO;
				ENABLE_STRICT_OBJC_MSGSEND = YES;
				GCC_C_LANGUAGE_STANDARD = gnu99;
				GCC_NO_COMMON_BLOCKS = YES;
				GCC_WARN_64_TO_32_BIT_CONVERSION = YES;
				GCC_WARN_ABOUT_RETURN_TYPE = YES_ERROR;
				GCC_WARN_UNDECLARED_SELECTOR = YES;
				GCC_WARN_UNINITIALIZED_AUTOS = YES_AGGRESSIVE;
				GCC_WARN_UNUSED_FUNCTION = YES;
				GCC_WARN_UNUSED_VARIABLE = YES;
				IPHONEOS_DEPLOYMENT_TARGET = 8.3;
				MTL_ENABLE_DEBUG_INFO = NO;
				SDKROOT = iphoneos;
				VALIDATE_PRODUCT = YES;
			};
			name = Release;
		};
		977FDACA1AEC745000884FCD /* Debug */ = {
			isa = XCBuildConfiguration;
			buildSettings = {
				ASSETCATALOG_COMPILER_APPICON_NAME = AppIcon;
				CODE_SIGN_IDENTITY = "iPhone Developer";
				INFOPLIST_FILE = FunFacts/Info.plist;
				LD_RUNPATH_SEARCH_PATHS = "$(inherited) @executable_path/Frameworks";
				PRODUCT_NAME = "$(TARGET_NAME)";
			};
			name = Debug;
		};
		977FDACB1AEC745000884FCD /* Release */ = {
			isa = XCBuildConfiguration;
			buildSettings = {
				ASSETCATALOG_COMPILER_APPICON_NAME = AppIcon;
				CODE_SIGN_IDENTITY = "iPhone Developer";
				INFOPLIST_FILE = FunFacts/Info.plist;
				LD_RUNPATH_SEARCH_PATHS = "$(inherited) @executable_path/Frameworks";
				PRODUCT_NAME = "$(TARGET_NAME)";
			};
			name = Release;
		};
		977FDACD1AEC745000884FCD /* Debug */ = {
			isa = XCBuildConfiguration;
			buildSettings = {
				BUNDLE_LOADER = "$(TEST_HOST)";
				FRAMEWORK_SEARCH_PATHS = (
					"$(SDKROOT)/Developer/Library/Frameworks",
					"$(inherited)",
				);
				GCC_PREPROCESSOR_DEFINITIONS = (
					"DEBUG=1",
					"$(inherited)",
				);
				INFOPLIST_FILE = FunFactsTests/Info.plist;
				LD_RUNPATH_SEARCH_PATHS = "$(inherited) @executable_path/Frameworks @loader_path/Frameworks";
				PRODUCT_NAME = "$(TARGET_NAME)";
				TEST_HOST = "$(BUILT_PRODUCTS_DIR)/FunFacts.app/FunFacts";
			};
			name = Debug;
		};
		977FDACE1AEC745000884FCD /* Release */ = {
			isa = XCBuildConfiguration;
			buildSettings = {
				BUNDLE_LOADER = "$(TEST_HOST)";
				FRAMEWORK_SEARCH_PATHS = (
					"$(SDKROOT)/Developer/Library/Frameworks",
					"$(inherited)",
				);
				INFOPLIST_FILE = FunFactsTests/Info.plist;
				LD_RUNPATH_SEARCH_PATHS = "$(inherited) @executable_path/Frameworks @loader_path/Frameworks";
				PRODUCT_NAME = "$(TARGET_NAME)";
				TEST_HOST = "$(BUILT_PRODUCTS_DIR)/FunFacts.app/FunFacts";
			};
			name = Release;
		};
/* End XCBuildConfiguration section */

/* Begin XCConfigurationList section */
		977FDAA51AEC745000884FCD /* Build configuration list for PBXProject "FunFacts" */ = {
			isa = XCConfigurationList;
			buildConfigurations = (
				977FDAC71AEC745000884FCD /* Debug */,
				977FDAC81AEC745000884FCD /* Release */,
			);
			defaultConfigurationIsVisible = 0;
			defaultConfigurationName = Release;
		};
		977FDAC91AEC745000884FCD /* Build configuration list for PBXNativeTarget "FunFacts" */ = {
			isa = XCConfigurationList;
			buildConfigurations = (
				977FDACA1AEC745000884FCD /* Debug */,
				977FDACB1AEC745000884FCD /* Release */,
			);
			defaultConfigurationIsVisible = 0;
			defaultConfigurationName = Release;
		};
		977FDACC1AEC745000884FCD /* Build configuration list for PBXNativeTarget "FunFactsTests" */ = {
			isa = XCConfigurationList;
			buildConfigurations = (
				977FDACD1AEC745000884FCD /* Debug */,
				977FDACE1AEC745000884FCD /* Release */,
			);
			defaultConfigurationIsVisible = 0;
			defaultConfigurationName = Release;
		};
/* End XCConfigurationList section */
	};
	rootObject = 977FDAA21AEC745000884FCD /* Project object */;
}
